{
    "babdev/pagerfanta-bundle": {
        "version": "v2.10.1"
    },
    "dama/doctrine-test-bundle": {
        "version": "7.2",
        "recipe": {
            "repo": "github.com/symfony/recipes-contrib",
            "branch": "main",
            "version": "7.2",
            "ref": "896306d79d4ee143af9eadf9b09fd34a8c391b70"
        },
        "files": [
            "config/packages/dama_doctrine_test_bundle.yaml"
        ]
    },
    "debril/feed-io": {
        "version": "v5.0.10"
    },
    "debril/rss-atom-bundle": {
        "version": "5.1",
        "recipe": {
            "repo": "github.com/symfony/recipes-contrib",
            "branch": "master",
            "version": "4.0",
            "ref": "2c23ed747eda9f4c13f5e7eb55fffa1091fdd505"
        },
        "files": [
            "config/packages/rss_atom.yaml",
            "config/routes/rss_atom.yaml"
        ]
    },
    "doctrine/annotations": {
        "version": "1.14",
        "recipe": {
            "repo": "github.com/symfony/recipes",
            "branch": "main",
            "version": "1.10",
            "ref": "64d8583af5ea57b7afa4aba4b159907f3a148b05"
        },
        "files": []
    },
    "doctrine/cache": {
        "version": "2.1.1"
    },
    "doctrine/collections": {
        "version": "1.6.7"
    },
    "doctrine/common": {
        "version": "3.1.2"
    },
    "doctrine/data-fixtures": {
        "version": "1.5.0"
    },
    "doctrine/dbal": {
        "version": "2.13.2"
    },
    "doctrine/deprecations": {
        "version": "v0.5.3"
    },
    "doctrine/doctrine-bundle": {
        "version": "2.12",
        "recipe": {
            "repo": "github.com/symfony/recipes",
            "branch": "main",
            "version": "2.12",
            "ref": "32f890075233ac4a1176e848a0f8e932ac6536d6"
        },
        "files": [
            "config/packages/doctrine.yaml",
            "src/Entity/.gitignore",
            "src/Repository/.gitignore"
        ]
    },
    "doctrine/doctrine-fixtures-bundle": {
        "version": "3.4",
        "recipe": {
            "repo": "github.com/symfony/recipes",
            "branch": "main",
            "version": "3.0",
            "ref": "1f5514cfa15b947298df4d771e694e578d4c204d"
        },
        "files": [
            "src/DataFixtures/AppFixtures.php"
        ]
    },
    "doctrine/doctrine-migrations-bundle": {
        "version": "3.2",
        "recipe": {
            "repo": "github.com/symfony/recipes",
            "branch": "main",
            "version": "3.1",
            "ref": "1d01ec03c6ecbd67c3375c5478c9a423ae5d6a33"
        },
        "files": [
            "config/packages/doctrine_migrations.yaml",
            "migrations/.gitignore"
        ]
    },
    "doctrine/event-manager": {
        "version": "1.1.1"
    },
    "doctrine/inflector": {
        "version": "2.0.3"
    },
    "doctrine/instantiator": {
        "version": "1.4.0"
    },
    "doctrine/lexer": {
        "version": "1.2.1"
    },
    "doctrine/migrations": {
        "version": "3.2.0"
    },
    "doctrine/orm": {
        "version": "2.9.3"
    },
    "doctrine/persistence": {
        "version": "2.2.1"
    },
    "doctrine/sql-formatter": {
        "version": "1.1.1"
    },
    "egulias/email-validator": {
        "version": "3.1.1"
    },
    "friendsofsymfony/jsrouting-bundle": {
        "version": "2.3",
        "recipe": {
            "repo": "github.com/symfony/recipes-contrib",
            "branch": "master",
            "version": "2.3",
            "ref": "a9f2e49180f75cdc71ae279a929c4b2e0638de84"
        }
    },
    "furqansiddiqui/bip39-mnemonic-php": {
        "version": "0.1.4"
    },
    "gmostafa/php-graphql-client": {
        "version": "v1.13"
    },
    "gumlet/php-image-resize": {
        "version": "2.0.1"
    },
    "guzzlehttp/guzzle": {
        "version": "7.3.0"
    },
    "guzzlehttp/promises": {
        "version": "1.4.1"
    },
    "guzzlehttp/psr7": {
        "version": "2.0.0"
    },
    "imagine/imagine": {
        "version": "1.2.4"
    },
    "justinrainbow/json-schema": {
        "version": "5.2.12"
    },
    "knplabs/knp-time-bundle": {
        "version": "v1.16.1"
    },
    "knpuniversity/oauth2-client-bundle": {
        "version": "2.10",
        "recipe": {
            "repo": "github.com/symfony/recipes-contrib",
            "branch": "master",
            "version": "1.20",
            "ref": "1ff300d8c030f55c99219cc55050b97a695af3f6"
        },
        "files": [
            "config/packages/knpu_oauth2_client.yaml"
        ]
    },
    "laminas/laminas-diactoros": {
        "version": "2.6.0"
    },
    "landrok/activitypub": {
        "version": "0.5.6"
    },
    "lcobucci/clock": {
        "version": "2.0.0"
    },
    "lcobucci/jwt": {
        "version": "4.1.4"
    },
    "league/commonmark": {
        "version": "1.6.6"
    },
    "league/flysystem": {
        "version": "1.1.4"
    },
    "league/mime-type-detection": {
        "version": "1.7.0"
    },
    "league/oauth2-client": {
        "version": "2.6.1"
    },
    "league/oauth2-facebook": {
        "version": "2.2.0"
    },
    "league/oauth2-github": {
        "version": "3.0.0"
    },
    "league/oauth2-google": {
        "version": "4.0.0"
    },
    "league/oauth2-server-bundle": {
        "version": "0.5",
        "recipe": {
            "repo": "github.com/symfony/recipes",
            "branch": "main",
            "version": "0.4",
            "ref": "7f26963037fce3b69c1b3f6a75a3265edb1e1caa"
        },
        "files": [
            "config/packages/league_oauth2_server.yaml",
            "config/routes/league_oauth2_server.yaml"
        ]
    },
    "liip/imagine-bundle": {
        "version": "2.11",
        "recipe": {
            "repo": "github.com/symfony/recipes-contrib",
            "branch": "main",
            "version": "1.8",
            "ref": "d1227d002b70d1a1f941d91845fcd7ac7fbfc929"
        },
        "files": [
            "config/packages/liip_imagine.yaml",
            "config/routes/liip_imagine.yaml"
        ]
    },
    "meteo-concept/hcaptcha-bundle": {
        "version": "3.3",
        "recipe": {
            "repo": "github.com/symfony/recipes-contrib",
            "branch": "main",
            "version": "1.0",
            "ref": "e94efaa6cd60c87dc9cc6de56b333a1754187d1e"
        },
        "files": [
            "config/packages/meteo_concept_h_captcha.yaml"
        ]
    },
    "monolog/monolog": {
        "version": "2.3.1"
    },
    "neitanod/forceutf8": {
        "version": "v2.0.4"
    },
    "nelmio/api-doc-bundle": {
        "version": "4.11",
        "recipe": {
            "repo": "github.com/symfony/recipes-contrib",
            "branch": "main",
            "version": "3.0",
            "ref": "c8e0c38e1a280ab9e37587a8fa32b251d5bc1c94"
        },
        "files": [
            "config/packages/nelmio_api_doc.yaml",
            "config/routes/nelmio_api_doc.yaml"
        ]
    },
    "nelmio/cors-bundle": {
        "version": "1.5",
        "recipe": {
            "repo": "github.com/symfony/recipes",
            "branch": "master",
            "version": "1.5",
            "ref": "6bea22e6c564fba3a1391615cada1437d0bde39c"
        },
        "files": [
            "config/packages/nelmio_cors.yaml"
        ]
    },
    "nikic/php-parser": {
        "version": "v4.11.0"
    },
    "nucleos/antispam-bundle": {
        "version": "2.2.0"
    },
    "nyholm/psr7": {
        "version": "1.8",
        "recipe": {
            "repo": "github.com/symfony/recipes",
            "branch": "main",
            "version": "1.0",
            "ref": "4a8c0345442dcca1d8a2c65633dcf0285dd5a5a2"
        },
        "files": [
            "config/packages/nyholm_psr7.yaml"
        ]
    },
    "oneup/flysystem-bundle": {
        "version": "4.9",
        "recipe": {
            "repo": "github.com/symfony/recipes-contrib",
            "branch": "main",
            "version": "4.0",
            "ref": "3ae1b83985e89138f5443bbc2d9b8c074b497d49"
        },
        "files": [
            "config/packages/oneup_flysystem.yaml"
        ]
    },
    "paragonie/constant_time_encoding": {
        "version": "v2.4.0"
    },
    "paragonie/random_compat": {
        "version": "v9.99.100"
    },
    "phpdocumentor/reflection-common": {
        "version": "2.2.0"
    },
    "phpdocumentor/reflection-docblock": {
        "version": "5.2.2"
    },
    "phpdocumentor/type-resolver": {
        "version": "1.4.0"
    },
    "phpseclib/phpseclib": {
        "version": "3.0.9"
    },
    "phpstan/phpdoc-parser": {
        "version": "0.4.9"
    },
    "phpstan/phpstan": {
        "version": "1.10",
        "recipe": {
            "repo": "github.com/symfony/recipes-contrib",
            "branch": "main",
            "version": "1.0",
            "ref": "5e490cc197fb6bb1ae22e5abbc531ddc633b6767"
        },
        "files": [
            "phpstan.dist.neon"
        ]
    },
    "phpunit/phpunit": {
        "version": "9.6",
        "recipe": {
            "repo": "github.com/symfony/recipes",
            "branch": "main",
            "version": "9.6",
            "ref": "7364a21d87e658eb363c5020c072ecfdc12e2326"
        },
        "files": [
            ".env.test",
            "phpunit.xml.dist",
            "tests/bootstrap.php"
        ]
    },
    "psr/cache": {
        "version": "1.0.1"
    },
    "psr/container": {
        "version": "1.1.1"
    },
    "psr/event-dispatcher": {
        "version": "1.0.0"
    },
    "psr/http-client": {
        "version": "1.0.1"
    },
    "psr/http-factory": {
        "version": "1.0.1"
    },
    "psr/http-message": {
        "version": "1.0.1"
    },
    "psr/link": {
        "version": "1.1.1"
    },
    "psr/log": {
        "version": "1.1.4"
    },
    "ralouphie/getallheaders": {
        "version": "3.0.3"
    },
    "scheb/2fa-bundle": {
        "version": "6.9",
        "recipe": {
            "repo": "github.com/symfony/recipes",
            "branch": "main",
            "version": "6.0",
            "ref": "1e6f68089146853a790b5da9946fc5974f6fcd49"
        },
        "files": [
            "config/packages/scheb_2fa.yaml",
            "config/routes/scheb_2fa.yaml"
        ]
    },
    "symfony/asset": {
        "version": "v5.3.2"
    },
    "symfony/browser-kit": {
        "version": "v5.3.0"
    },
    "symfony/cache": {
        "version": "v5.3.3"
    },
    "symfony/cache-contracts": {
        "version": "v2.4.0"
    },
    "symfony/config": {
        "version": "v5.3.3"
    },
    "symfony/console": {
        "version": "6.4",
        "recipe": {
            "repo": "github.com/symfony/recipes",
            "branch": "main",
            "version": "5.3",
            "ref": "1781ff40d8a17d87cf53f8d4cf0c8346ed2bb461"
        },
        "files": [
            "bin/console"
        ]
    },
    "symfony/css-selector": {
        "version": "v5.3.0"
    },
    "symfony/debug-bundle": {
        "version": "6.3",
        "recipe": {
            "repo": "github.com/symfony/recipes",
            "branch": "main",
            "version": "5.3",
            "ref": "5aa8aa48234c8eb6dbdd7b3cd5d791485d2cec4b"
        },
        "files": [
            "config/packages/debug.yaml"
        ]
    },
    "symfony/dependency-injection": {
        "version": "v5.3.3"
    },
    "symfony/deprecation-contracts": {
        "version": "v2.4.0"
    },
    "symfony/doctrine-bridge": {
        "version": "v5.3.3"
    },
    "symfony/dom-crawler": {
        "version": "v5.3.0"
    },
    "symfony/dotenv": {
        "version": "v5.3.0"
    },
    "symfony/error-handler": {
        "version": "v5.3.3"
    },
    "symfony/event-dispatcher": {
        "version": "v5.3.0"
    },
    "symfony/event-dispatcher-contracts": {
        "version": "v2.4.0"
    },
    "symfony/expression-language": {
        "version": "v5.3.0"
    },
    "symfony/filesystem": {
        "version": "v5.3.3"
    },
    "symfony/finder": {
        "version": "v5.3.0"
    },
    "symfony/flex": {
        "version": "2.3",
        "recipe": {
            "repo": "github.com/symfony/recipes",
            "branch": "main",
            "version": "1.0",
            "ref": "146251ae39e06a95be0fe3d13c807bcf3938b172"
        },
        "files": [
            ".env"
        ]
    },
    "symfony/form": {
        "version": "v5.3.3"
    },
    "symfony/framework-bundle": {
        "version": "7.0",
        "recipe": {
            "repo": "github.com/symfony/recipes",
            "branch": "main",
            "version": "7.0",
            "ref": "6356c19b9ae08e7763e4ba2d9ae63043efc75db5"
        },
        "files": [
            "config/packages/cache.yaml",
            "config/packages/framework.yaml",
            "config/preload.php",
            "config/routes/framework.yaml",
            "config/services.yaml",
            "public/index.php",
            "src/Controller/.gitignore",
            "src/Kernel.php"
        ]
    },
    "symfony/http-client": {
        "version": "v5.3.3"
    },
    "symfony/http-client-contracts": {
        "version": "v2.4.0"
    },
    "symfony/http-foundation": {
        "version": "v5.3.3"
    },
    "symfony/http-kernel": {
        "version": "v5.3.3"
    },
    "symfony/intl": {
        "version": "v5.3.0"
    },
    "symfony/lock": {
        "version": "6.2",
        "recipe": {
            "repo": "github.com/symfony/recipes",
            "branch": "main",
            "version": "5.2",
            "ref": "8e937ff2b4735d110af1770f242c1107fdab4c8e"
        },
        "files": [
            "config/packages/lock.yaml"
        ]
    },
    "symfony/mailer": {
        "version": "6.4",
        "recipe": {
            "repo": "github.com/symfony/recipes",
            "branch": "main",
            "version": "4.3",
            "ref": "df66ee1f226c46f01e85c29c2f7acce0596ba35a"
        },
        "files": [
            "config/packages/mailer.yaml"
        ]
    },
    "symfony/mailgun-mailer": {
        "version": "4.4",
        "recipe": {
            "repo": "github.com/symfony/recipes",
            "branch": "master",
            "version": "4.4",
            "ref": "addcb559b32d9dbb4843826b063565e1b15a2a57"
        }
    },
    "symfony/maker-bundle": {
        "version": "1.0",
        "recipe": {
            "repo": "github.com/symfony/recipes",
            "branch": "master",
            "version": "1.0",
            "ref": "fadbfe33303a76e25cb63401050439aa9b1a9c7f"
        }
    },
    "symfony/mercure": {
        "version": "v0.4.1"
    },
    "symfony/mercure-bundle": {
        "version": "0.3",
        "recipe": {
            "repo": "github.com/symfony/recipes",
            "branch": "main",
            "version": "0.3",
            "ref": "d097c114aae82c5bc88d48ac164fe523f1003292"
        },
        "files": [
            "config/packages/mercure.yaml"
        ]
    },
    "symfony/messenger": {
        "version": "6.3",
        "recipe": {
            "repo": "github.com/symfony/recipes",
            "branch": "main",
            "version": "6.0",
            "ref": "ba1ac4e919baba5644d31b57a3284d6ba12d52ee"
        },
        "files": [
            "config/packages/messenger.yaml"
        ]
    },
    "symfony/mime": {
        "version": "v5.3.2"
    },
    "symfony/monolog-bridge": {
        "version": "v5.3.3"
    },
    "symfony/monolog-bundle": {
        "version": "3.10",
        "recipe": {
            "repo": "github.com/symfony/recipes",
            "branch": "main",
            "version": "3.7",
            "ref": "aff23899c4440dd995907613c1dd709b6f59503f"
        },
        "files": [
            "config/packages/monolog.yaml"
        ]
    },
    "symfony/options-resolver": {
        "version": "v5.3.0"
    },
    "symfony/password-hasher": {
        "version": "v5.3.3"
    },
    "symfony/phpunit-bridge": {
        "version": "6.4",
        "recipe": {
            "repo": "github.com/symfony/recipes",
            "branch": "main",
            "version": "6.3",
            "ref": "a411a0480041243d97382cac7984f7dce7813c08"
        },
        "files": [
            ".env.test",
            "bin/phpunit",
            "phpunit.xml.dist",
            "tests/bootstrap.php"
        ]
    },
    "symfony/polyfill-intl-grapheme": {
        "version": "v1.23.0"
    },
    "symfony/polyfill-intl-icu": {
        "version": "v1.23.0"
    },
    "symfony/polyfill-intl-idn": {
        "version": "v1.23.0"
    },
    "symfony/polyfill-intl-normalizer": {
        "version": "v1.23.0"
    },
    "symfony/polyfill-mbstring": {
        "version": "v1.23.0"
    },
    "symfony/polyfill-php80": {
        "version": "v1.23.0"
    },
    "symfony/process": {
        "version": "v5.3.2"
    },
    "symfony/property-access": {
        "version": "v5.3.0"
    },
    "symfony/property-info": {
        "version": "v5.3.1"
    },
    "symfony/rate-limiter": {
        "version": "v5.3.0"
    },
    "symfony/routing": {
        "version": "7.0",
        "recipe": {
            "repo": "github.com/symfony/recipes",
            "branch": "main",
            "version": "7.0",
            "ref": "21b72649d5622d8f7da329ffb5afb232a023619d"
        },
        "files": [
            "config/packages/routing.yaml",
            "config/routes.yaml"
        ]
    },
    "symfony/runtime": {
        "version": "v5.3.3"
    },
    "symfony/security-bundle": {
        "version": "6.4",
        "recipe": {
            "repo": "github.com/symfony/recipes",
            "branch": "main",
            "version": "6.4",
            "ref": "2ae08430db28c8eb4476605894296c82a642028f"
        },
        "files": [
            "config/packages/security.yaml",
            "config/routes/security.yaml"
        ]
    },
    "symfony/security-core": {
        "version": "v5.3.3"
    },
    "symfony/security-csrf": {
        "version": "v5.3.3"
    },
    "symfony/security-http": {
        "version": "v5.3.3"
    },
    "symfony/serializer": {
        "version": "v5.3.2"
    },
    "symfony/service-contracts": {
        "version": "v2.4.0"
    },
    "symfony/stimulus-bundle": {
        "version": "2.14",
        "recipe": {
            "repo": "github.com/symfony/recipes",
            "branch": "main",
            "version": "2.13",
            "ref": "6acd9ff4f7fd5626d2962109bd4ebab351d43c43"
        },
        "files": [
            "assets/bootstrap.js",
            "assets/controllers.json",
            "assets/controllers/hello_controller.js"
        ]
    },
    "symfony/stopwatch": {
        "version": "v5.3.0"
    },
    "symfony/string": {
        "version": "v5.3.3"
    },
    "symfony/translation": {
        "version": "6.4",
        "recipe": {
            "repo": "github.com/symfony/recipes",
            "branch": "main",
            "version": "6.3",
            "ref": "e28e27f53663cc34f0be2837aba18e3a1bef8e7b"
        },
        "files": [
            "config/packages/translation.yaml",
            "translations/.gitignore"
        ]
    },
    "symfony/translation-contracts": {
        "version": "v2.4.0"
    },
    "symfony/twig-bridge": {
        "version": "v5.3.3"
    },
    "symfony/twig-bundle": {
        "version": "6.4",
        "recipe": {
            "repo": "github.com/symfony/recipes",
            "branch": "main",
            "version": "6.4",
            "ref": "cab5fd2a13a45c266d45a7d9337e28dee6272877"
        },
        "files": [
            "config/packages/twig.yaml",
            "templates/base.html.twig"
        ]
    },
    "symfony/uid": {
        "version": "7.0",
        "recipe": {
            "repo": "github.com/symfony/recipes",
            "branch": "main",
            "version": "7.0",
            "ref": "0df5844274d871b37fc3816c57a768ffc60a43a5"
        },
        "files": []
    },
    "symfony/ux-autocomplete": {
        "version": "2.7",
        "recipe": {
            "repo": "github.com/symfony/recipes",
            "branch": "main",
            "version": "2.6",
            "ref": "07d9602b7231ba355f484305d6cea58310c01741"
        },
        "files": [
            "config/routes/ux_autocomplete.yaml"
        ]
    },
    "symfony/ux-chartjs": {
        "version": "v2.7.1"
    },
    "symfony/ux-twig-component": {
        "version": "2.13",
        "recipe": {
            "repo": "github.com/symfony/recipes",
            "branch": "main",
            "version": "2.13",
            "ref": "67814b5f9794798b885cec9d3f48631424449a01"
        },
        "files": [
            "config/packages/twig_component.yaml"
        ]
    },
    "symfony/validator": {
        "version": "7.0",
        "recipe": {
            "repo": "github.com/symfony/recipes",
            "branch": "main",
            "version": "7.0",
            "ref": "8c1c4e28d26a124b0bb273f537ca8ce443472bfd"
        },
        "files": [
            "config/packages/validator.yaml"
        ]
    },
    "symfony/var-dumper": {
        "version": "v5.3.3"
    },
    "symfony/var-exporter": {
        "version": "v5.3.3"
    },
    "symfony/web-link": {
        "version": "v5.3.3"
    },
    "symfony/web-profiler-bundle": {
        "version": "6.3",
        "recipe": {
            "repo": "github.com/symfony/recipes",
            "branch": "main",
            "version": "6.1",
            "ref": "e42b3f0177df239add25373083a564e5ead4e13a"
        },
        "files": [
            "config/packages/web_profiler.yaml",
            "config/routes/web_profiler.yaml"
        ]
    },
    "symfony/webpack-encore-bundle": {
        "version": "2.1",
        "recipe": {
            "repo": "github.com/symfony/recipes",
            "branch": "main",
            "version": "2.0",
            "ref": "082d754b3bd54b3fc669f278f1eea955cfd23cf5"
        },
        "files": [
            "assets/app.js",
            "assets/styles/app.css",
            "config/packages/webpack_encore.yaml",
            "package.json",
            "webpack.config.js"
        ]
    },
    "symfony/workflow": {
        "version": "3.3",
        "recipe": {
            "repo": "github.com/symfony/recipes",
            "branch": "master",
            "version": "3.3",
            "ref": "3b2f8ca32a07fcb00f899649053943fa3d8bbfb6"
        },
        "files": [
            "config/packages/workflow.yaml"
        ]
    },
    "symfony/yaml": {
        "version": "v5.3.3"
    },
    "symfonycasts/reset-password-bundle": {
        "version": "1.13",
        "recipe": {
            "repo": "github.com/symfony/recipes",
            "branch": "master",
            "version": "1.0",
            "ref": "97c1627c0384534997ae1047b93be517ca16de43"
        },
        "files": [
            "config/packages/reset_password.yaml"
        ]
    },
    "symfonycasts/verify-email-bundle": {
        "version": "v1.5.0"
    },
    "twig/extra-bundle": {
        "version": "v3.3.1"
    },
    "twig/intl-extra": {
        "version": "v3.3.0"
    },
    "twig/twig": {
        "version": "v3.3.2"
    },
    "webmozart/assert": {
        "version": "1.10.0"
    },
    "willdurand/jsonp-callback-validator": {
        "version": "v1.1.0"
    }
}
